// !$*UTF8*$!
{
	archiveVersion = 1;
	classes = {
	};
	objectVersion = 46;
	objects = {

/* Begin PBXBuildFile section */
		4524F6681889800400833869 /* Foundation.framework in Frameworks */ = {isa = PBXBuildFile; fileRef = 4524F6671889800400833869 /* Foundation.framework */; };
		4524F66A1889800400833869 /* CoreGraphics.framework in Frameworks */ = {isa = PBXBuildFile; fileRef = 4524F6691889800400833869 /* CoreGraphics.framework */; };
		4524F66C1889800400833869 /* UIKit.framework in Frameworks */ = {isa = PBXBuildFile; fileRef = 4524F66B1889800400833869 /* UIKit.framework */; };
		4524F6721889800400833869 /* InfoPlist.strings in Resources */ = {isa = PBXBuildFile; fileRef = 4524F6701889800400833869 /* InfoPlist.strings */; };
		4524F6741889800400833869 /* main.m in Sources */ = {isa = PBXBuildFile; fileRef = 4524F6731889800400833869 /* main.m */; };
		4524F6781889800400833869 /* AppDelegate.m in Sources */ = {isa = PBXBuildFile; fileRef = 4524F6771889800400833869 /* AppDelegate.m */; };
		4524F67B1889800400833869 /* Main.storyboard in Resources */ = {isa = PBXBuildFile; fileRef = 4524F6791889800400833869 /* Main.storyboard */; };
		4524F67E1889800400833869 /* ViewController.m in Sources */ = {isa = PBXBuildFile; fileRef = 4524F67D1889800400833869 /* ViewController.m */; };
		4524F6801889800400833869 /* Images.xcassets in Resources */ = {isa = PBXBuildFile; fileRef = 4524F67F1889800400833869 /* Images.xcassets */; };
		4524F6871889800400833869 /* XCTest.framework in Frameworks */ = {isa = PBXBuildFile; fileRef = 4524F6861889800400833869 /* XCTest.framework */; };
		4524F6881889800400833869 /* Foundation.framework in Frameworks */ = {isa = PBXBuildFile; fileRef = 4524F6671889800400833869 /* Foundation.framework */; };
		4524F6891889800400833869 /* UIKit.framework in Frameworks */ = {isa = PBXBuildFile; fileRef = 4524F66B1889800400833869 /* UIKit.framework */; };
		4524F6911889800400833869 /* InfoPlist.strings in Resources */ = {isa = PBXBuildFile; fileRef = 4524F68F1889800400833869 /* InfoPlist.strings */; };
		4524F6931889800400833869 /* ReviewMeFrameworksTests.m in Sources */ = {isa = PBXBuildFile; fileRef = 4524F6921889800400833869 /* ReviewMeFrameworksTests.m */; };
/* End PBXBuildFile section */

/* Begin PBXContainerItemProxy section */
		4524F68A1889800400833869 /* PBXContainerItemProxy */ = {
			isa = PBXContainerItemProxy;
			containerPortal = 4524F65C1889800400833869 /* Project object */;
			proxyType = 1;
			remoteGlobalIDString = 4524F6631889800400833869;
			remoteInfo = ReviewMeFrameworks;
		};
/* End PBXContainerItemProxy section */

/* Begin PBXFileReference section */
		4524F6641889800400833869 /* ReviewMeFrameworks.app */ = {isa = PBXFileReference; explicitFileType = wrapper.application; includeInIndex = 0; path = ReviewMeFrameworks.app; sourceTree = BUILT_PRODUCTS_DIR; };
		4524F6671889800400833869 /* Foundation.framework */ = {isa = PBXFileReference; lastKnownFileType = wrapper.framework; name = Foundation.framework; path = System/Library/Frameworks/Foundation.framework; sourceTree = SDKROOT; };
		4524F6691889800400833869 /* CoreGraphics.framework */ = {isa = PBXFileReference; lastKnownFileType = wrapper.framework; name = CoreGraphics.framework; path = System/Library/Frameworks/CoreGraphics.framework; sourceTree = SDKROOT; };
		4524F66B1889800400833869 /* UIKit.framework */ = {isa = PBXFileReference; lastKnownFileType = wrapper.framework; name = UIKit.framework; path = System/Library/Frameworks/UIKit.framework; sourceTree = SDKROOT; };
		4524F66F1889800400833869 /* ReviewMeFrameworks-Info.plist */ = {isa = PBXFileReference; lastKnownFileType = text.plist.xml; path = "ReviewMeFrameworks-Info.plist"; sourceTree = "<group>"; };
		4524F6711889800400833869 /* en */ = {isa = PBXFileReference; lastKnownFileType = text.plist.strings; name = en; path = en.lproj/InfoPlist.strings; sourceTree = "<group>"; };
		4524F6731889800400833869 /* main.m */ = {isa = PBXFileReference; lastKnownFileType = sourcecode.c.objc; path = main.m; sourceTree = "<group>"; };
		4524F6751889800400833869 /* ReviewMeFrameworks-Prefix.pch */ = {isa = PBXFileReference; lastKnownFileType = sourcecode.c.h; path = "ReviewMeFrameworks-Prefix.pch"; sourceTree = "<group>"; };
		4524F6761889800400833869 /* AppDelegate.h */ = {isa = PBXFileReference; lastKnownFileType = sourcecode.c.h; path = AppDelegate.h; sourceTree = "<group>"; };
		4524F6771889800400833869 /* AppDelegate.m */ = {isa = PBXFileReference; lastKnownFileType = sourcecode.c.objc; path = AppDelegate.m; sourceTree = "<group>"; };
		4524F67A1889800400833869 /* Base */ = {isa = PBXFileReference; lastKnownFileType = file.storyboard; name = Base; path = Base.lproj/Main.storyboard; sourceTree = "<group>"; };
		4524F67C1889800400833869 /* ViewController.h */ = {isa = PBXFileReference; lastKnownFileType = sourcecode.c.h; path = ViewController.h; sourceTree = "<group>"; };
		4524F67D1889800400833869 /* ViewController.m */ = {isa = PBXFileReference; lastKnownFileType = sourcecode.c.objc; path = ViewController.m; sourceTree = "<group>"; };
		4524F67F1889800400833869 /* Images.xcassets */ = {isa = PBXFileReference; lastKnownFileType = folder.assetcatalog; path = Images.xcassets; sourceTree = "<group>"; };
		4524F6851889800400833869 /* ReviewMeFrameworksTests.xctest */ = {isa = PBXFileReference; explicitFileType = wrapper.cfbundle; includeInIndex = 0; path = ReviewMeFrameworksTests.xctest; sourceTree = BUILT_PRODUCTS_DIR; };
		4524F6861889800400833869 /* XCTest.framework */ = {isa = PBXFileReference; lastKnownFileType = wrapper.framework; name = XCTest.framework; path = Library/Frameworks/XCTest.framework; sourceTree = DEVELOPER_DIR; };
		4524F68E1889800400833869 /* ReviewMeFrameworksTests-Info.plist */ = {isa = PBXFileReference; lastKnownFileType = text.plist.xml; path = "ReviewMeFrameworksTests-Info.plist"; sourceTree = "<group>"; };
		4524F6901889800400833869 /* en */ = {isa = PBXFileReference; lastKnownFileType = text.plist.strings; name = en; path = en.lproj/InfoPlist.strings; sourceTree = "<group>"; };
		4524F6921889800400833869 /* ReviewMeFrameworksTests.m */ = {isa = PBXFileReference; lastKnownFileType = sourcecode.c.objc; path = ReviewMeFrameworksTests.m; sourceTree = "<group>"; };
/* End PBXFileReference section */

/* Begin PBXFrameworksBuildPhase section */
		4524F6611889800400833869 /* Frameworks */ = {
			isa = PBXFrameworksBuildPhase;
			buildActionMask = 2147483647;
			files = (
				4524F66A1889800400833869 /* CoreGraphics.framework in Frameworks */,
				4524F66C1889800400833869 /* UIKit.framework in Frameworks */,
				4524F6681889800400833869 /* Foundation.framework in Frameworks */,
			);
			runOnlyForDeploymentPostprocessing = 0;
		};
		4524F6821889800400833869 /* Frameworks */ = {
			isa = PBXFrameworksBuildPhase;
			buildActionMask = 2147483647;
			files = (
				4524F6871889800400833869 /* XCTest.framework in Frameworks */,
				4524F6891889800400833869 /* UIKit.framework in Frameworks */,
				4524F6881889800400833869 /* Foundation.framework in Frameworks */,
			);
			runOnlyForDeploymentPostprocessing = 0;
		};
/* End PBXFrameworksBuildPhase section */

/* Begin PBXGroup section */
		4524F65B1889800400833869 = {
			isa = PBXGroup;
			children = (
				4524F66D1889800400833869 /* ReviewMeFrameworks */,
				4524F68C1889800400833869 /* ReviewMeFrameworksTests */,
				4524F6661889800400833869 /* Frameworks */,
				4524F6651889800400833869 /* Products */,
			);
			sourceTree = "<group>";
		};
		4524F6651889800400833869 /* Products */ = {
			isa = PBXGroup;
			children = (
				4524F6641889800400833869 /* ReviewMeFrameworks.app */,
				4524F6851889800400833869 /* ReviewMeFrameworksTests.xctest */,
			);
			name = Products;
			sourceTree = "<group>";
		};
		4524F6661889800400833869 /* Frameworks */ = {
			isa = PBXGroup;
			children = (
				4524F6671889800400833869 /* Foundation.framework */,
				4524F6691889800400833869 /* CoreGraphics.framework */,
				4524F66B1889800400833869 /* UIKit.framework */,
				4524F6861889800400833869 /* XCTest.framework */,
			);
			name = Frameworks;
			sourceTree = "<group>";
		};
		4524F66D1889800400833869 /* ReviewMeFrameworks */ = {
			isa = PBXGroup;
			children = (
				4524F6761889800400833869 /* AppDelegate.h */,
				4524F6771889800400833869 /* AppDelegate.m */,
				4524F6791889800400833869 /* Main.storyboard */,
				4524F67C1889800400833869 /* ViewController.h */,
				4524F67D1889800400833869 /* ViewController.m */,
				4524F67F1889800400833869 /* Images.xcassets */,
				4524F66E1889800400833869 /* Supporting Files */,
			);
			path = ReviewMeFrameworks;
			sourceTree = "<group>";
		};
		4524F66E1889800400833869 /* Supporting Files */ = {
			isa = PBXGroup;
			children = (
				4524F66F1889800400833869 /* ReviewMeFrameworks-Info.plist */,
				4524F6701889800400833869 /* InfoPlist.strings */,
				4524F6731889800400833869 /* main.m */,
				4524F6751889800400833869 /* ReviewMeFrameworks-Prefix.pch */,
			);
			name = "Supporting Files";
			sourceTree = "<group>";
		};
		4524F68C1889800400833869 /* ReviewMeFrameworksTests */ = {
			isa = PBXGroup;
			children = (
				4524F6921889800400833869 /* ReviewMeFrameworksTests.m */,
				4524F68D1889800400833869 /* Supporting Files */,
			);
			path = ReviewMeFrameworksTests;
			sourceTree = "<group>";
		};
		4524F68D1889800400833869 /* Supporting Files */ = {
			isa = PBXGroup;
			children = (
				4524F68E1889800400833869 /* ReviewMeFrameworksTests-Info.plist */,
				4524F68F1889800400833869 /* InfoPlist.strings */,
			);
			name = "Supporting Files";
			sourceTree = "<group>";
		};
/* End PBXGroup section */

/* Begin PBXNativeTarget section */
		4524F6631889800400833869 /* ReviewMeFrameworks */ = {
			isa = PBXNativeTarget;
			buildConfigurationList = 4524F6961889800400833869 /* Build configuration list for PBXNativeTarget "ReviewMeFrameworks" */;
			buildPhases = (
				4524F6601889800400833869 /* Sources */,
				4524F6611889800400833869 /* Frameworks */,
				4524F6621889800400833869 /* Resources */,
			);
			buildRules = (
			);
			dependencies = (
			);
			name = ReviewMeFrameworks;
			productName = ReviewMeFrameworks;
			productReference = 4524F6641889800400833869 /* ReviewMeFrameworks.app */;
			productType = "com.apple.product-type.application";
		};
		4524F6841889800400833869 /* ReviewMeFrameworksTests */ = {
			isa = PBXNativeTarget;
			buildConfigurationList = 4524F6991889800400833869 /* Build configuration list for PBXNativeTarget "ReviewMeFrameworksTests" */;
			buildPhases = (
				4524F6811889800400833869 /* Sources */,
				4524F6821889800400833869 /* Frameworks */,
				4524F6831889800400833869 /* Resources */,
			);
			buildRules = (
			);
			dependencies = (
				4524F68B1889800400833869 /* PBXTargetDependency */,
			);
			name = ReviewMeFrameworksTests;
			productName = ReviewMeFrameworksTests;
			productReference = 4524F6851889800400833869 /* ReviewMeFrameworksTests.xctest */;
			productType = "com.apple.product-type.bundle.unit-test";
		};
/* End PBXNativeTarget section */

/* Begin PBXProject section */
		4524F65C1889800400833869 /* Project object */ = {
			isa = PBXProject;
			attributes = {
				LastUpgradeCheck = 0500;
				ORGANIZATIONNAME = "Ruben van Wezenbeek";
				TargetAttributes = {
					4524F6841889800400833869 = {
						TestTargetID = 4524F6631889800400833869;
					};
				};
			};
			buildConfigurationList = 4524F65F1889800400833869 /* Build configuration list for PBXProject "ReviewMeFrameworks" */;
			compatibilityVersion = "Xcode 3.2";
			developmentRegion = English;
			hasScannedForEncodings = 0;
			knownRegions = (
				en,
				Base,
			);
			mainGroup = 4524F65B1889800400833869;
			productRefGroup = 4524F6651889800400833869 /* Products */;
			projectDirPath = "";
			projectRoot = "";
			targets = (
				4524F6631889800400833869 /* ReviewMeFrameworks */,
				4524F6841889800400833869 /* ReviewMeFrameworksTests */,
			);
		};
/* End PBXProject section */

/* Begin PBXResourcesBuildPhase section */
		4524F6621889800400833869 /* Resources */ = {
			isa = PBXResourcesBuildPhase;
			buildActionMask = 2147483647;
			files = (
				4524F6801889800400833869 /* Images.xcassets in Resources */,
				4524F6721889800400833869 /* InfoPlist.strings in Resources */,
				4524F67B1889800400833869 /* Main.storyboard in Resources */,
			);
			runOnlyForDeploymentPostprocessing = 0;
		};
		4524F6831889800400833869 /* Resources */ = {
			isa = PBXResourcesBuildPhase;
			buildActionMask = 2147483647;
			files = (
				4524F6911889800400833869 /* InfoPlist.strings in Resources */,
			);
			runOnlyForDeploymentPostprocessing = 0;
		};
/* End PBXResourcesBuildPhase section */

/* Begin PBXSourcesBuildPhase section */
		4524F6601889800400833869 /* Sources */ = {
			isa = PBXSourcesBuildPhase;
			buildActionMask = 2147483647;
			files = (
				4524F67E1889800400833869 /* ViewController.m in Sources */,
				4524F6781889800400833869 /* AppDelegate.m in Sources */,
				4524F6741889800400833869 /* main.m in Sources */,
			);
			runOnlyForDeploymentPostprocessing = 0;
		};
		4524F6811889800400833869 /* Sources */ = {
			isa = PBXSourcesBuildPhase;
			buildActionMask = 2147483647;
			files = (
				4524F6931889800400833869 /* ReviewMeFrameworksTests.m in Sources */,
			);
			runOnlyForDeploymentPostprocessing = 0;
		};
/* End PBXSourcesBuildPhase section */

/* Begin PBXTargetDependency section */
		4524F68B1889800400833869 /* PBXTargetDependency */ = {
			isa = PBXTargetDependency;
			target = 4524F6631889800400833869 /* ReviewMeFrameworks */;
			targetProxy = 4524F68A1889800400833869 /* PBXContainerItemProxy */;
		};
/* End PBXTargetDependency section */

/* Begin PBXVariantGroup section */
		4524F6701889800400833869 /* InfoPlist.strings */ = {
			isa = PBXVariantGroup;
			children = (
				4524F6711889800400833869 /* en */,
			);
			name = InfoPlist.strings;
			sourceTree = "<group>";
		};
		4524F6791889800400833869 /* Main.storyboard */ = {
			isa = PBXVariantGroup;
			children = (
				4524F67A1889800400833869 /* Base */,
			);
			name = Main.storyboard;
			sourceTree = "<group>";
		};
		4524F68F1889800400833869 /* InfoPlist.strings */ = {
			isa = PBXVariantGroup;
			children = (
				4524F6901889800400833869 /* en */,
			);
			name = InfoPlist.strings;
			sourceTree = "<group>";
		};
/* End PBXVariantGroup section */

/* Begin XCBuildConfiguration section */
		4524F6941889800400833869 /* Debug */ = {
			isa = XCBuildConfiguration;
			buildSettings = {
				ALWAYS_SEARCH_USER_PATHS = NO;
				ARCHS = "$(ARCHS_STANDARD_INCLUDING_64_BIT)";
				CLANG_CXX_LANGUAGE_STANDARD = "gnu++0x";
				CLANG_CXX_LIBRARY = "libc++";
				CLANG_ENABLE_MODULES = YES;
				CLANG_ENABLE_OBJC_ARC = YES;
				CLANG_WARN_BOOL_CONVERSION = YES;
				CLANG_WARN_CONSTANT_CONVERSION = YES;
				CLANG_WARN_DIRECT_OBJC_ISA_USAGE = YES_ERROR;
				CLANG_WARN_EMPTY_BODY = YES;
				CLANG_WARN_ENUM_CONVERSION = YES;
				CLANG_WARN_INT_CONVERSION = YES;
				CLANG_WARN_OBJC_ROOT_CLASS = YES_ERROR;
				CLANG_WARN__DUPLICATE_METHOD_MATCH = YES;
				"CODE_SIGN_IDENTITY[sdk=iphoneos*]" = "iPhone Developer";
				COPY_PHASE_STRIP = NO;
				GCC_C_LANGUAGE_STANDARD = gnu99;
				GCC_DYNAMIC_NO_PIC = NO;
				GCC_OPTIMIZATION_LEVEL = 0;
				GCC_PREPROCESSOR_DEFINITIONS = (
					"DEBUG=1",
					"$(inherited)",
				);
				GCC_SYMBOLS_PRIVATE_EXTERN = NO;
				GCC_WARN_64_TO_32_BIT_CONVERSION = YES;
				GCC_WARN_ABOUT_RETURN_TYPE = YES_ERROR;
				GCC_WARN_UNDECLARED_SELECTOR = YES;
				GCC_WARN_UNINITIALIZED_AUTOS = YES;
				GCC_WARN_UNUSED_FUNCTION = YES;
				GCC_WARN_UNUSED_VARIABLE = YES;
				IPHONEOS_DEPLOYMENT_TARGET = 7.0;
				ONLY_ACTIVE_ARCH = YES;
				SDKROOT = iphoneos;
			};
			name = Debug;
		};
		4524F6951889800400833869 /* Release */ = {
			isa = XCBuildConfiguration;
			buildSettings = {
				ALWAYS_SEARCH_USER_PATHS = NO;
				ARCHS = "$(ARCHS_STANDARD_INCLUDING_64_BIT)";
				CLANG_CXX_LANGUAGE_STANDARD = "gnu++0x";
				CLANG_CXX_LIBRARY = "libc++";
				CLANG_ENABLE_MODULES = YES;
				CLANG_ENABLE_OBJC_ARC = YES;
				CLANG_WARN_BOOL_CONVERSION = YES;
				CLANG_WARN_CONSTANT_CONVERSION = YES;
				CLANG_WARN_DIRECT_OBJC_ISA_USAGE = YES_ERROR;
				CLANG_WARN_EMPTY_BODY = YES;
				CLANG_WARN_ENUM_CONVERSION = YES;
				CLANG_WARN_INT_CONVERSION = YES;
				CLANG_WARN_OBJC_ROOT_CLASS = YES_ERROR;
				CLANG_WARN__DUPLICATE_METHOD_MATCH = YES;
				"CODE_SIGN_IDENTITY[sdk=iphoneos*]" = "iPhone Developer";
				COPY_PHASE_STRIP = YES;
				ENABLE_NS_ASSERTIONS = NO;
				GCC_C_LANGUAGE_STANDARD = gnu99;
				GCC_WARN_64_TO_32_BIT_CONVERSION = YES;
				GCC_WARN_ABOUT_RETURN_TYPE = YES_ERROR;
				GCC_WARN_UNDECLARED_SELECTOR = YES;
				GCC_WARN_UNINITIALIZED_AUTOS = YES;
				GCC_WARN_UNUSED_FUNCTION = YES;
				GCC_WARN_UNUSED_VARIABLE = YES;
				IPHONEOS_DEPLOYMENT_TARGET = 7.0;
				SDKROOT = iphoneos;
				VALIDATE_PRODUCT = YES;
			};
			name = Release;
		};
		4524F6971889800400833869 /* Debug */ = {
			isa = XCBuildConfiguration;
			buildSettings = {
				ASSETCATALOG_COMPILER_APPICON_NAME = AppIcon;
				ASSETCATALOG_COMPILER_LAUNCHIMAGE_NAME = LaunchImage;
				GCC_PRECOMPILE_PREFIX_HEADER = YES;
				GCC_PREFIX_HEADER = "ReviewMeFrameworks/ReviewMeFrameworks-Prefix.pch";
				INFOPLIST_FILE = "ReviewMeFrameworks/ReviewMeFrameworks-Info.plist";
				PRODUCT_NAME = "$(TARGET_NAME)";
				WRAPPER_EXTENSION = app;
			};
			name = Debug;
		};
		4524F6981889800400833869 /* Release */ = {
			isa = XCBuildConfiguration;
			buildSettings = {
				ASSETCATALOG_COMPILER_APPICON_NAME = AppIcon;
				ASSETCATALOG_COMPILER_LAUNCHIMAGE_NAME = LaunchImage;
				GCC_PRECOMPILE_PREFIX_HEADER = YES;
				GCC_PREFIX_HEADER = "ReviewMeFrameworks/ReviewMeFrameworks-Prefix.pch";
				INFOPLIST_FILE = "ReviewMeFrameworks/ReviewMeFrameworks-Info.plist";
				PRODUCT_NAME = "$(TARGET_NAME)";
				WRAPPER_EXTENSION = app;
			};
			name = Release;
		};
		4524F69A1889800400833869 /* Debug */ = {
			isa = XCBuildConfiguration;
			buildSettings = {
				ARCHS = "$(ARCHS_STANDARD_INCLUDING_64_BIT)";
				BUNDLE_LOADER = "$(BUILT_PRODUCTS_DIR)/ReviewMeFrameworks.app/ReviewMeFrameworks";
				FRAMEWORK_SEARCH_PATHS = (
					"$(SDKROOT)/Developer/Library/Frameworks",
					"$(inherited)",
					"$(DEVELOPER_FRAMEWORKS_DIR)",
				);
				GCC_PRECOMPILE_PREFIX_HEADER = YES;
				GCC_PREFIX_HEADER = "ReviewMeFrameworks/ReviewMeFrameworks-Prefix.pch";
				GCC_PREPROCESSOR_DEFINITIONS = (
					"DEBUG=1",
					"$(inherited)",
				);
				INFOPLIST_FILE = "ReviewMeFrameworksTests/ReviewMeFrameworksTests-Info.plist";
				PRODUCT_NAME = "$(TARGET_NAME)";
				TEST_HOST = "$(BUNDLE_LOADER)";
				WRAPPER_EXTENSION = xctest;
			};
			name = Debug;
		};
		4524F69B1889800400833869 /* Release */ = {
			isa = XCBuildConfiguration;
			buildSettings = {
				ARCHS = "$(ARCHS_STANDARD_INCLUDING_64_BIT)";
				BUNDLE_LOADER = "$(BUILT_PRODUCTS_DIR)/ReviewMeFrameworks.app/ReviewMeFrameworks";
				FRAMEWORK_SEARCH_PATHS = (
					"$(SDKROOT)/Developer/Library/Frameworks",
					"$(inherited)",
					"$(DEVELOPER_FRAMEWORKS_DIR)",
				);
				GCC_PRECOMPILE_PREFIX_HEADER = YES;
				GCC_PREFIX_HEADER = "ReviewMeFrameworks/ReviewMeFrameworks-Prefix.pch";
				INFOPLIST_FILE = "ReviewMeFrameworksTests/ReviewMeFrameworksTests-Info.plist";
				PRODUCT_NAME = "$(TARGET_NAME)";
				TEST_HOST = "$(BUNDLE_LOADER)";
				WRAPPER_EXTENSION = xctest;
			};
			name = Release;
		};
/* End XCBuildConfiguration section */

/* Begin XCConfigurationList section */
		4524F65F1889800400833869 /* Build configuration list for PBXProject "ReviewMeFrameworks" */ = {
			isa = XCConfigurationList;
			buildConfigurations = (
				4524F6941889800400833869 /* Debug */,
				4524F6951889800400833869 /* Release */,
			);
			defaultConfigurationIsVisible = 0;
			defaultConfigurationName = Release;
		};
		4524F6961889800400833869 /* Build configuration list for PBXNativeTarget "ReviewMeFrameworks" */ = {
			isa = XCConfigurationList;
			buildConfigurations = (
				4524F6971889800400833869 /* Debug */,
				4524F6981889800400833869 /* Release */,
			);
			defaultConfigurationIsVisible = 0;
		};
		4524F6991889800400833869 /* Build configuration list for PBXNativeTarget "ReviewMeFrameworksTests" */ = {
			isa = XCConfigurationList;
			buildConfigurations = (
				4524F69A1889800400833869 /* Debug */,
				4524F69B1889800400833869 /* Release */,
			);
			defaultConfigurationIsVisible = 0;
		};
/* End XCConfigurationList section */
	};
	rootObject = 4524F65C1889800400833869 /* Project object */;
}
